Microsoft Visual Studio Solution File, Format Version 11.00
# Visual Studio 2008

Project("{7F4DBC65-9478-9736-8453-B3E37A1754FB}") = "Rolly-Rock", "Assembly-CSharp.csproj", "{6A23417E-8B51-28BF-B38F-87674D8095A7}"
EndProject
Global
	GlobalSection(SolutionConfigurationPlatforms) = preSolution
		Debug|Any CPU = Debug|Any CPU
		Release|Any CPU = Release|Any CPU
	EndGlobalSection
	GlobalSection(ProjectConfigurationPlatforms) = postSolution
		{6A23417E-8B51-28BF-B38F-87674D8095A7}.Debug|Any CPU.ActiveCfg = Debug|Any CPU
		{6A23417E-8B51-28BF-B38F-87674D8095A7}.Debug|Any CPU.Build.0 = Debug|Any CPU
		{6A23417E-8B51-28BF-B38F-87674D8095A7}.Release|Any CPU.ActiveCfg = Release|Any CPU
		{6A23417E-8B51-28BF-B38F-87674D8095A7}.Release|Any CPU.Build.0 = Release|Any CPU
	EndGlobalSection
	GlobalSection(SolutionProperties) = preSolution
		HideSolutionNode = FALSE
	EndGlobalSection
	GlobalSection(MonoDevelopProperties) = preSolution
		StartupItem = Assembly-CSharp.csproj
	EndGlobalSection
EndGlobal
